
Microsoft Visual Studio Solution File, Format Version 12.00
# Visual Studio Version 16
VisualStudioVersion = 16.0.30804.86
MinimumVisualStudioVersion = 10.0.40219.1
Project("{8BC9CEB8-8B4A-11D0-8D11-00A0C91BC942}") = "po3_ClassicParalysis", "ClassicParalysis.vcxproj", "{53A6E479-0984-4A21-B54C-38A980BD83E7}"
EndProject
Global
	GlobalSection(SolutionConfigurationPlatforms) = preSolution
		Debug|x64 = Debug|x64
		Release|x64 = Release|x64
	EndGlobalSection
	GlobalSection(ProjectConfigurationPlatforms) = postSolution
		{53A6E479-0984-4A21-B54C-38A980BD83E7}.Debug|x64.ActiveCfg = Debug|x64
		{53A6E479-0984-4A21-B54C-38A980BD83E7}.Debug|x64.Build.0 = Debug|x64
		{53A6E479-0984-4A21-B54C-38A980BD83E7}.Release|x64.ActiveCfg = Release|x64
		{53A6E479-0984-4A21-B54C-38A980BD83E7}.Release|x64.Build.0 = Release|x64
	EndGlobalSection
	GlobalSection(SolutionProperties) = preSolution
		HideSolutionNode = FALSE
	EndGlobalSection
	GlobalSection(ExtensibilityGlobals) = postSolution
		SolutionGuid = {F32FC4EA-BB0A-4A26-9651-394152675D42}
	EndGlobalSection
EndGlobal
